
Microsoft Visual Studio Solution File, Format Version 12.00
Project("{FAE04EC0-301F-11D3-BF4B-00C04F79EFBC}") = "Veterinary", "Veterinary\Veterinary.csproj", "{3F531B66-19A4-42B6-BF96-649BE5458636}"
EndProject
Global
	GlobalSection(SolutionConfigurationPlatforms) = preSolution
		Debug|Any CPU = Debug|Any CPU
		Release|Any CPU = Release|Any CPU
	EndGlobalSection
	GlobalSection(ProjectConfigurationPlatforms) = postSolution
		{3F531B66-19A4-42B6-BF96-649BE5458636}.Debug|Any CPU.ActiveCfg = Debug|Any CPU
		{3F531B66-19A4-42B6-BF96-649BE5458636}.Debug|Any CPU.Build.0 = Debug|Any CPU
		{3F531B66-19A4-42B6-BF96-649BE5458636}.Release|Any CPU.ActiveCfg = Release|Any CPU
		{3F531B66-19A4-42B6-BF96-649BE5458636}.Release|Any CPU.Build.0 = Release|Any CPU
	EndGlobalSection
EndGlobal
